
Microsoft Visual Studio Solution File, Format Version 12.00
# Visual Studio Version 17
VisualStudioVersion = 17.13.35806.99 d17.13
MinimumVisualStudioVersion = 10.0.40219.1
Project("{FAE04EC0-301F-11D3-BF4B-00C04F79EFBC}") = "ClassObjetos", "ClassObjetos\ClassObjetos.csproj", "{910541FF-4BC9-41AB-9DB0-5DF7A7C6BC4E}"
EndProject
Global
	GlobalSection(SolutionConfigurationPlatforms) = preSolution
		Debug|Any CPU = Debug|Any CPU
		Release|Any CPU = Release|Any CPU
	EndGlobalSection
	GlobalSection(ProjectConfigurationPlatforms) = postSolution
		{910541FF-4BC9-41AB-9DB0-5DF7A7C6BC4E}.Debug|Any CPU.ActiveCfg = Debug|Any CPU
		{910541FF-4BC9-41AB-9DB0-5DF7A7C6BC4E}.Debug|Any CPU.Build.0 = Debug|Any CPU
		{910541FF-4BC9-41AB-9DB0-5DF7A7C6BC4E}.Release|Any CPU.ActiveCfg = Release|Any CPU
		{910541FF-4BC9-41AB-9DB0-5DF7A7C6BC4E}.Release|Any CPU.Build.0 = Release|Any CPU
	EndGlobalSection
	GlobalSection(SolutionProperties) = preSolution
		HideSolutionNode = FALSE
	EndGlobalSection
	GlobalSection(ExtensibilityGlobals) = postSolution
		SolutionGuid = {46B206D8-7939-472F-B7E8-2B7493386C91}
	EndGlobalSection
EndGlobal
