
Microsoft Visual Studio Solution File, Format Version 12.00
# Visual Studio Version 17
VisualStudioVersion = 17.13.35806.99 d17.13
MinimumVisualStudioVersion = 10.0.40219.1
Project("{FAE04EC0-301F-11D3-BF4B-00C04F79EFBC}") = "Course", "Course\Course.csproj", "{4685F5FF-3DB4-4DAB-AB33-38829A23118D}"
EndProject
Global
	GlobalSection(SolutionConfigurationPlatforms) = preSolution
		Debug|Any CPU = Debug|Any CPU
		Release|Any CPU = Release|Any CPU
	EndGlobalSection
	GlobalSection(ProjectConfigurationPlatforms) = postSolution
		{4685F5FF-3DB4-4DAB-AB33-38829A23118D}.Debug|Any CPU.ActiveCfg = Debug|Any CPU
		{4685F5FF-3DB4-4DAB-AB33-38829A23118D}.Debug|Any CPU.Build.0 = Debug|Any CPU
		{4685F5FF-3DB4-4DAB-AB33-38829A23118D}.Release|Any CPU.ActiveCfg = Release|Any CPU
		{4685F5FF-3DB4-4DAB-AB33-38829A23118D}.Release|Any CPU.Build.0 = Release|Any CPU
	EndGlobalSection
	GlobalSection(SolutionProperties) = preSolution
		HideSolutionNode = FALSE
	EndGlobalSection
	GlobalSection(ExtensibilityGlobals) = postSolution
		SolutionGuid = {863FFDE9-5B5E-4553-8781-6455B50469F1}
	EndGlobalSection
EndGlobal
