
Microsoft Visual Studio Solution File, Format Version 12.00
# Visual Studio Version 17
VisualStudioVersion = 17.13.35818.85 d17.13
MinimumVisualStudioVersion = 10.0.40219.1
Project("{FAE04EC0-301F-11D3-BF4B-00C04F79EFBC}") = "GenericsSetDictionary", "GenericsSetDictionary\GenericsSetDictionary.csproj", "{5FC8D5C8-ABE4-4BAE-9275-73D1BAA46728}"
EndProject
Global
	GlobalSection(SolutionConfigurationPlatforms) = preSolution
		Debug|Any CPU = Debug|Any CPU
		Release|Any CPU = Release|Any CPU
	EndGlobalSection
	GlobalSection(ProjectConfigurationPlatforms) = postSolution
		{5FC8D5C8-ABE4-4BAE-9275-73D1BAA46728}.Debug|Any CPU.ActiveCfg = Debug|Any CPU
		{5FC8D5C8-ABE4-4BAE-9275-73D1BAA46728}.Debug|Any CPU.Build.0 = Debug|Any CPU
		{5FC8D5C8-ABE4-4BAE-9275-73D1BAA46728}.Release|Any CPU.ActiveCfg = Release|Any CPU
		{5FC8D5C8-ABE4-4BAE-9275-73D1BAA46728}.Release|Any CPU.Build.0 = Release|Any CPU
	EndGlobalSection
	GlobalSection(SolutionProperties) = preSolution
		HideSolutionNode = FALSE
	EndGlobalSection
	GlobalSection(ExtensibilityGlobals) = postSolution
		SolutionGuid = {454D3195-36DF-42EF-95E2-85C8A175903F}
	EndGlobalSection
EndGlobal
